
Microsoft Visual Studio Solution File, Format Version 12.00
# Visual Studio Version 16
VisualStudioVersion = 16.0.31321.278
MinimumVisualStudioVersion = 10.0.40219.1
Project("{FAE04EC0-301F-11D3-BF4B-00C04F79EFBC}") = "DevFitness.API", "DevFitness.API\DevFitness.API.csproj", "{AC784BA8-EB88-4C7A-A2D1-97FC790A82EC}"
EndProject
Global
	GlobalSection(SolutionConfigurationPlatforms) = preSolution
		Debug|Any CPU = Debug|Any CPU
		Release|Any CPU = Release|Any CPU
	EndGlobalSection
	GlobalSection(ProjectConfigurationPlatforms) = postSolution
		{AC784BA8-EB88-4C7A-A2D1-97FC790A82EC}.Debug|Any CPU.ActiveCfg = Debug|Any CPU
		{AC784BA8-EB88-4C7A-A2D1-97FC790A82EC}.Debug|Any CPU.Build.0 = Debug|Any CPU
		{AC784BA8-EB88-4C7A-A2D1-97FC790A82EC}.Release|Any CPU.ActiveCfg = Release|Any CPU
		{AC784BA8-EB88-4C7A-A2D1-97FC790A82EC}.Release|Any CPU.Build.0 = Release|Any CPU
	EndGlobalSection
	GlobalSection(SolutionProperties) = preSolution
		HideSolutionNode = FALSE
	EndGlobalSection
	GlobalSection(ExtensibilityGlobals) = postSolution
		SolutionGuid = {7D132025-7DD4-4057-9789-A268FFFBA1BA}
	EndGlobalSection
EndGlobal
